
Microsoft Visual Studio Solution File, Format Version 12.00
# Visual Studio Version 17
VisualStudioVersion = 17.4.33103.184
MinimumVisualStudioVersion = 10.0.40219.1
Project("{F2A71F9B-5D33-465A-A702-920D77279786}") = "VickyCLI", "VickyCLI\VickyCLI.fsproj", "{9BC0E73A-0F2F-4D1B-8746-DF7D28335090}"
EndProject
Global
	GlobalSection(SolutionConfigurationPlatforms) = preSolution
		Debug|Any CPU = Debug|Any CPU
		Release|Any CPU = Release|Any CPU
	EndGlobalSection
	GlobalSection(ProjectConfigurationPlatforms) = postSolution
		{9BC0E73A-0F2F-4D1B-8746-DF7D28335090}.Debug|Any CPU.ActiveCfg = Debug|Any CPU
		{9BC0E73A-0F2F-4D1B-8746-DF7D28335090}.Debug|Any CPU.Build.0 = Debug|Any CPU
		{9BC0E73A-0F2F-4D1B-8746-DF7D28335090}.Release|Any CPU.ActiveCfg = Release|Any CPU
		{9BC0E73A-0F2F-4D1B-8746-DF7D28335090}.Release|Any CPU.Build.0 = Release|Any CPU
	EndGlobalSection
	GlobalSection(SolutionProperties) = preSolution
		HideSolutionNode = FALSE
	EndGlobalSection
	GlobalSection(ExtensibilityGlobals) = postSolution
		SolutionGuid = {EA278532-BA81-4FEA-9ABC-6686BFEE30D1}
	EndGlobalSection
EndGlobal
